// !$*UTF8*$!
{
	archiveVersion = 1;
	classes = {
	};
	objectVersion = 56;
	objects = {

/* Begin PBXBuildFile section */
		0A8A23CE2CE9644600B72B60 /* WalletConnectSwift in Frameworks */ = {isa = PBXBuildFile; productRef = 0A8A23CD2CE9644600B72B60 /* WalletConnectSwift */; };
		CD5B87CE2CE9059400118069 /* PredictionMarketApp.swift in Sources */ = {isa = PBXBuildFile; fileRef = CD5B87CD2CE9059400118069 /* PredictionMarketApp.swift */; };
		CD5B87D02CE9059400118069 /* ContentView.swift in Sources */ = {isa = PBXBuildFile; fileRef = CD5B87CF2CE9059400118069 /* ContentView.swift */; };
		CD5B87D22CE9059600118069 /* Assets.xcassets in Resources */ = {isa = PBXBuildFile; fileRef = CD5B87D12CE9059600118069 /* Assets.xcassets */; };
		CD5B87D62CE9059600118069 /* Preview Assets.xcassets in Resources */ = {isa = PBXBuildFile; fileRef = CD5B87D52CE9059600118069 /* Preview Assets.xcassets */; };
		CD5B87E02CE9059600118069 /* PredictionMarketTests.swift in Sources */ = {isa = PBXBuildFile; fileRef = CD5B87DF2CE9059600118069 /* PredictionMarketTests.swift */; };
		CD5B87EA2CE9059600118069 /* PredictionMarketUITests.swift in Sources */ = {isa = PBXBuildFile; fileRef = CD5B87E92CE9059600118069 /* PredictionMarketUITests.swift */; };
		CD5B87EC2CE9059600118069 /* PredictionMarketUITestsLaunchTests.swift in Sources */ = {isa = PBXBuildFile; fileRef = CD5B87EB2CE9059600118069 /* PredictionMarketUITestsLaunchTests.swift */; };
		CD5B87FB2CE905C900118069 /* Prediction.swift in Sources */ = {isa = PBXBuildFile; fileRef = CD5B87FA2CE905C900118069 /* Prediction.swift */; };
		CD5B87FD2CE9068600118069 /* PredictionCardView.swift in Sources */ = {isa = PBXBuildFile; fileRef = CD5B87FC2CE9068600118069 /* PredictionCardView.swift */; };
		CD5B87FF2CE906A700118069 /* VoteSuccesView.swift in Sources */ = {isa = PBXBuildFile; fileRef = CD5B87FE2CE906A700118069 /* VoteSuccesView.swift */; };
		CD5B88012CE9074200118069 /* Wallet.swift in Sources */ = {isa = PBXBuildFile; fileRef = CD5B88002CE9074200118069 /* Wallet.swift */; };
		CD5B88042CE9077700118069 /* WalletView.swift in Sources */ = {isa = PBXBuildFile; fileRef = CD5B88032CE9077700118069 /* WalletView.swift */; };
		CD5B88062CE9079E00118069 /* StakeView.swift in Sources */ = {isa = PBXBuildFile; fileRef = CD5B88052CE9079E00118069 /* StakeView.swift */; };
		CD5B88092CE90E4400118069 /* ProfileView.swift in Sources */ = {isa = PBXBuildFile; fileRef = CD5B88082CE90E4400118069 /* ProfileView.swift */; };
		CD5B880B2CE9108F00118069 /* PredictionDetailView.swift in Sources */ = {isa = PBXBuildFile; fileRef = CD5B880A2CE9108F00118069 /* PredictionDetailView.swift */; };
		CD5B880E2CE9145500118069 /* FilterView.swift in Sources */ = {isa = PBXBuildFile; fileRef = CD5B880D2CE9145500118069 /* FilterView.swift */; };
		CD5B88102CE9165A00118069 /* UserStats.swift in Sources */ = {isa = PBXBuildFile; fileRef = CD5B880F2CE9165A00118069 /* UserStats.swift */; };
		CDD960212CE94BDE007369DD /* PrivyService.swift in Sources */ = {isa = PBXBuildFile; fileRef = CDD960202CE94BDE007369DD /* PrivyService.swift */; };
		CDD960262CE94C75007369DD /* AuthView.swift in Sources */ = {isa = PBXBuildFile; fileRef = CDD960252CE94C75007369DD /* AuthView.swift */; };
/* End PBXBuildFile section */

/* Begin PBXContainerItemProxy section */
		CD5B87DC2CE9059600118069 /* PBXContainerItemProxy */ = {
			isa = PBXContainerItemProxy;
			containerPortal = CD5B87C22CE9059400118069 /* Project object */;
			proxyType = 1;
			remoteGlobalIDString = CD5B87C92CE9059400118069;
			remoteInfo = PredictionMarket;
		};
		CD5B87E62CE9059600118069 /* PBXContainerItemProxy */ = {
			isa = PBXContainerItemProxy;
			containerPortal = CD5B87C22CE9059400118069 /* Project object */;
			proxyType = 1;
			remoteGlobalIDString = CD5B87C92CE9059400118069;
			remoteInfo = PredictionMarket;
		};
/* End PBXContainerItemProxy section */

/* Begin PBXFileReference section */
		CD5B87CA2CE9059400118069 /* PredictionMarket.app */ = {isa = PBXFileReference; explicitFileType = wrapper.application; includeInIndex = 0; path = PredictionMarket.app; sourceTree = BUILT_PRODUCTS_DIR; };
		CD5B87CD2CE9059400118069 /* PredictionMarketApp.swift */ = {isa = PBXFileReference; lastKnownFileType = sourcecode.swift; path = PredictionMarketApp.swift; sourceTree = "<group>"; };
		CD5B87CF2CE9059400118069 /* ContentView.swift */ = {isa = PBXFileReference; lastKnownFileType = sourcecode.swift; path = ContentView.swift; sourceTree = "<group>"; };
		CD5B87D12CE9059600118069 /* Assets.xcassets */ = {isa = PBXFileReference; lastKnownFileType = folder.assetcatalog; path = Assets.xcassets; sourceTree = "<group>"; };
		CD5B87D32CE9059600118069 /* PredictionMarket.entitlements */ = {isa = PBXFileReference; lastKnownFileType = text.plist.entitlements; path = PredictionMarket.entitlements; sourceTree = "<group>"; };
		CD5B87D52CE9059600118069 /* Preview Assets.xcassets */ = {isa = PBXFileReference; lastKnownFileType = folder.assetcatalog; path = "Preview Assets.xcassets"; sourceTree = "<group>"; };
		CD5B87DB2CE9059600118069 /* PredictionMarketTests.xctest */ = {isa = PBXFileReference; explicitFileType = wrapper.cfbundle; includeInIndex = 0; path = PredictionMarketTests.xctest; sourceTree = BUILT_PRODUCTS_DIR; };
		CD5B87DF2CE9059600118069 /* PredictionMarketTests.swift */ = {isa = PBXFileReference; lastKnownFileType = sourcecode.swift; path = PredictionMarketTests.swift; sourceTree = "<group>"; };
		CD5B87E52CE9059600118069 /* PredictionMarketUITests.xctest */ = {isa = PBXFileReference; explicitFileType = wrapper.cfbundle; includeInIndex = 0; path = PredictionMarketUITests.xctest; sourceTree = BUILT_PRODUCTS_DIR; };
		CD5B87E92CE9059600118069 /* PredictionMarketUITests.swift */ = {isa = PBXFileReference; lastKnownFileType = sourcecode.swift; path = PredictionMarketUITests.swift; sourceTree = "<group>"; };
		CD5B87EB2CE9059600118069 /* PredictionMarketUITestsLaunchTests.swift */ = {isa = PBXFileReference; lastKnownFileType = sourcecode.swift; path = PredictionMarketUITestsLaunchTests.swift; sourceTree = "<group>"; };
		CD5B87FA2CE905C900118069 /* Prediction.swift */ = {isa = PBXFileReference; lastKnownFileType = sourcecode.swift; path = Prediction.swift; sourceTree = "<group>"; };
		CD5B87FC2CE9068600118069 /* PredictionCardView.swift */ = {isa = PBXFileReference; lastKnownFileType = sourcecode.swift; path = PredictionCardView.swift; sourceTree = "<group>"; };
		CD5B87FE2CE906A700118069 /* VoteSuccesView.swift */ = {isa = PBXFileReference; lastKnownFileType = sourcecode.swift; path = VoteSuccesView.swift; sourceTree = "<group>"; };
		CD5B88002CE9074200118069 /* Wallet.swift */ = {isa = PBXFileReference; lastKnownFileType = sourcecode.swift; path = Wallet.swift; sourceTree = "<group>"; };
		CD5B88032CE9077700118069 /* WalletView.swift */ = {isa = PBXFileReference; lastKnownFileType = sourcecode.swift; path = WalletView.swift; sourceTree = "<group>"; };
		CD5B88052CE9079E00118069 /* StakeView.swift */ = {isa = PBXFileReference; lastKnownFileType = sourcecode.swift; path = StakeView.swift; sourceTree = "<group>"; };
		CD5B88082CE90E4400118069 /* ProfileView.swift */ = {isa = PBXFileReference; lastKnownFileType = sourcecode.swift; path = ProfileView.swift; sourceTree = "<group>"; };
		CD5B880A2CE9108F00118069 /* PredictionDetailView.swift */ = {isa = PBXFileReference; lastKnownFileType = sourcecode.swift; path = PredictionDetailView.swift; sourceTree = "<group>"; };
		CD5B880D2CE9145500118069 /* FilterView.swift */ = {isa = PBXFileReference; lastKnownFileType = sourcecode.swift; path = FilterView.swift; sourceTree = "<group>"; };
		CD5B880F2CE9165A00118069 /* UserStats.swift */ = {isa = PBXFileReference; lastKnownFileType = sourcecode.swift; path = UserStats.swift; sourceTree = "<group>"; };
		CDD960202CE94BDE007369DD /* PrivyService.swift */ = {isa = PBXFileReference; lastKnownFileType = sourcecode.swift; path = PrivyService.swift; sourceTree = "<group>"; };
		CDD960252CE94C75007369DD /* AuthView.swift */ = {isa = PBXFileReference; lastKnownFileType = sourcecode.swift; path = AuthView.swift; sourceTree = "<group>"; };
/* End PBXFileReference section */

/* Begin PBXFrameworksBuildPhase section */
		CD5B87C72CE9059400118069 /* Frameworks */ = {
			isa = PBXFrameworksBuildPhase;
			buildActionMask = 2147483647;
			files = (
				0A8A23CE2CE9644600B72B60 /* WalletConnectSwift in Frameworks */,
			);
			runOnlyForDeploymentPostprocessing = 0;
		};
		CD5B87D82CE9059600118069 /* Frameworks */ = {
			isa = PBXFrameworksBuildPhase;
			buildActionMask = 2147483647;
			files = (
			);
			runOnlyForDeploymentPostprocessing = 0;
		};
		CD5B87E22CE9059600118069 /* Frameworks */ = {
			isa = PBXFrameworksBuildPhase;
			buildActionMask = 2147483647;
			files = (
			);
			runOnlyForDeploymentPostprocessing = 0;
		};
/* End PBXFrameworksBuildPhase section */

/* Begin PBXGroup section */
		CD5B87C12CE9059400118069 = {
			isa = PBXGroup;
			children = (
				CD5B87CC2CE9059400118069 /* PredictionMarket */,
				CD5B87DE2CE9059600118069 /* PredictionMarketTests */,
				CD5B87E82CE9059600118069 /* PredictionMarketUITests */,
				CD5B87CB2CE9059400118069 /* Products */,
			);
			sourceTree = "<group>";
		};
		CD5B87CB2CE9059400118069 /* Products */ = {
			isa = PBXGroup;
			children = (
				CD5B87CA2CE9059400118069 /* PredictionMarket.app */,
				CD5B87DB2CE9059600118069 /* PredictionMarketTests.xctest */,
				CD5B87E52CE9059600118069 /* PredictionMarketUITests.xctest */,
			);
			name = Products;
			sourceTree = "<group>";
		};
		CD5B87CC2CE9059400118069 /* PredictionMarket */ = {
			isa = PBXGroup;
			children = (
				CD5B88122CE9330500118069 /* Services */,
				CD5B87F92CE905B500118069 /* Views */,
				CD5B87F82CE905A900118069 /* Models */,
				CD5B87CD2CE9059400118069 /* PredictionMarketApp.swift */,
				CD5B87CF2CE9059400118069 /* ContentView.swift */,
				CD5B87D12CE9059600118069 /* Assets.xcassets */,
				CD5B87D32CE9059600118069 /* PredictionMarket.entitlements */,
				CD5B87D42CE9059600118069 /* Preview Content */,
			);
			path = PredictionMarket;
			sourceTree = "<group>";
		};
		CD5B87D42CE9059600118069 /* Preview Content */ = {
			isa = PBXGroup;
			children = (
				CD5B87D52CE9059600118069 /* Preview Assets.xcassets */,
			);
			path = "Preview Content";
			sourceTree = "<group>";
		};
		CD5B87DE2CE9059600118069 /* PredictionMarketTests */ = {
			isa = PBXGroup;
			children = (
				CD5B87DF2CE9059600118069 /* PredictionMarketTests.swift */,
			);
			path = PredictionMarketTests;
			sourceTree = "<group>";
		};
		CD5B87E82CE9059600118069 /* PredictionMarketUITests */ = {
			isa = PBXGroup;
			children = (
				CD5B87E92CE9059600118069 /* PredictionMarketUITests.swift */,
				CD5B87EB2CE9059600118069 /* PredictionMarketUITestsLaunchTests.swift */,
			);
			path = PredictionMarketUITests;
			sourceTree = "<group>";
		};
		CD5B87F82CE905A900118069 /* Models */ = {
			isa = PBXGroup;
			children = (
				CD5B87FA2CE905C900118069 /* Prediction.swift */,
				CD5B88002CE9074200118069 /* Wallet.swift */,
				CD5B880F2CE9165A00118069 /* UserStats.swift */,
			);
			path = Models;
			sourceTree = "<group>";
		};
		CD5B87F92CE905B500118069 /* Views */ = {
			isa = PBXGroup;
			children = (
				CD5B880C2CE9143800118069 /* Components */,
				CD5B88072CE90E3600118069 /* Profile */,
				CD5B88022CE9076D00118069 /* Wallet */,
				CD5B87FC2CE9068600118069 /* PredictionCardView.swift */,
				CD5B87FE2CE906A700118069 /* VoteSuccesView.swift */,
				CD5B88052CE9079E00118069 /* StakeView.swift */,
				CD5B880A2CE9108F00118069 /* PredictionDetailView.swift */,
				CDD960252CE94C75007369DD /* AuthView.swift */,
			);
			path = Views;
			sourceTree = "<group>";
		};
		CD5B88022CE9076D00118069 /* Wallet */ = {
			isa = PBXGroup;
			children = (
				CD5B88032CE9077700118069 /* WalletView.swift */,
			);
			path = Wallet;
			sourceTree = "<group>";
		};
		CD5B88072CE90E3600118069 /* Profile */ = {
			isa = PBXGroup;
			children = (
				CD5B88082CE90E4400118069 /* ProfileView.swift */,
			);
			path = Profile;
			sourceTree = "<group>";
		};
		CD5B880C2CE9143800118069 /* Components */ = {
			isa = PBXGroup;
			children = (
				CD5B880D2CE9145500118069 /* FilterView.swift */,
			);
			path = Components;
			sourceTree = "<group>";
		};
		CD5B88122CE9330500118069 /* Services */ = {
			isa = PBXGroup;
			children = (
				CDD960202CE94BDE007369DD /* PrivyService.swift */,
			);
			path = Services;
			sourceTree = "<group>";
		};
/* End PBXGroup section */

/* Begin PBXNativeTarget section */
		CD5B87C92CE9059400118069 /* PredictionMarket */ = {
			isa = PBXNativeTarget;
			buildConfigurationList = CD5B87EF2CE9059600118069 /* Build configuration list for PBXNativeTarget "PredictionMarket" */;
			buildPhases = (
				CD5B87C62CE9059400118069 /* Sources */,
				CD5B87C72CE9059400118069 /* Frameworks */,
				CD5B87C82CE9059400118069 /* Resources */,
			);
			buildRules = (
			);
			dependencies = (
			);
			name = PredictionMarket;
			packageProductDependencies = (
				0A8A23CD2CE9644600B72B60 /* WalletConnectSwift */,
			);
			productName = PredictionMarket;
			productReference = CD5B87CA2CE9059400118069 /* PredictionMarket.app */;
			productType = "com.apple.product-type.application";
		};
		CD5B87DA2CE9059600118069 /* PredictionMarketTests */ = {
			isa = PBXNativeTarget;
			buildConfigurationList = CD5B87F22CE9059600118069 /* Build configuration list for PBXNativeTarget "PredictionMarketTests" */;
			buildPhases = (
				CD5B87D72CE9059600118069 /* Sources */,
				CD5B87D82CE9059600118069 /* Frameworks */,
				CD5B87D92CE9059600118069 /* Resources */,
			);
			buildRules = (
			);
			dependencies = (
				CD5B87DD2CE9059600118069 /* PBXTargetDependency */,
			);
			name = PredictionMarketTests;
			productName = PredictionMarketTests;
			productReference = CD5B87DB2CE9059600118069 /* PredictionMarketTests.xctest */;
			productType = "com.apple.product-type.bundle.unit-test";
		};
		CD5B87E42CE9059600118069 /* PredictionMarketUITests */ = {
			isa = PBXNativeTarget;
			buildConfigurationList = CD5B87F52CE9059600118069 /* Build configuration list for PBXNativeTarget "PredictionMarketUITests" */;
			buildPhases = (
				CD5B87E12CE9059600118069 /* Sources */,
				CD5B87E22CE9059600118069 /* Frameworks */,
				CD5B87E32CE9059600118069 /* Resources */,
			);
			buildRules = (
			);
			dependencies = (
				CD5B87E72CE9059600118069 /* PBXTargetDependency */,
			);
			name = PredictionMarketUITests;
			productName = PredictionMarketUITests;
			productReference = CD5B87E52CE9059600118069 /* PredictionMarketUITests.xctest */;
			productType = "com.apple.product-type.bundle.ui-testing";
		};
/* End PBXNativeTarget section */

/* Begin PBXProject section */
		CD5B87C22CE9059400118069 /* Project object */ = {
			isa = PBXProject;
			attributes = {
				BuildIndependentTargetsInParallel = 1;
				LastSwiftUpdateCheck = 1540;
				LastUpgradeCheck = 1540;
				TargetAttributes = {
					CD5B87C92CE9059400118069 = {
						CreatedOnToolsVersion = 15.4;
					};
					CD5B87DA2CE9059600118069 = {
						CreatedOnToolsVersion = 15.4;
						TestTargetID = CD5B87C92CE9059400118069;
					};
					CD5B87E42CE9059600118069 = {
						CreatedOnToolsVersion = 15.4;
						TestTargetID = CD5B87C92CE9059400118069;
					};
				};
			};
			buildConfigurationList = CD5B87C52CE9059400118069 /* Build configuration list for PBXProject "PredictionMarket" */;
			compatibilityVersion = "Xcode 14.0";
			developmentRegion = en;
			hasScannedForEncodings = 0;
			knownRegions = (
				en,
				Base,
			);
			mainGroup = CD5B87C12CE9059400118069;
			packageReferences = (
				0A8A23CC2CE9644600B72B60 /* XCRemoteSwiftPackageReference "WalletConnectSwift" */,
			);
			productRefGroup = CD5B87CB2CE9059400118069 /* Products */;
			projectDirPath = "";
			projectRoot = "";
			targets = (
				CD5B87C92CE9059400118069 /* PredictionMarket */,
				CD5B87DA2CE9059600118069 /* PredictionMarketTests */,
				CD5B87E42CE9059600118069 /* PredictionMarketUITests */,
			);
		};
/* End PBXProject section */

/* Begin PBXResourcesBuildPhase section */
		CD5B87C82CE9059400118069 /* Resources */ = {
			isa = PBXResourcesBuildPhase;
			buildActionMask = 2147483647;
			files = (
				CD5B87D62CE9059600118069 /* Preview Assets.xcassets in Resources */,
				CD5B87D22CE9059600118069 /* Assets.xcassets in Resources */,
			);
			runOnlyForDeploymentPostprocessing = 0;
		};
		CD5B87D92CE9059600118069 /* Resources */ = {
			isa = PBXResourcesBuildPhase;
			buildActionMask = 2147483647;
			files = (
			);
			runOnlyForDeploymentPostprocessing = 0;
		};
		CD5B87E32CE9059600118069 /* Resources */ = {
			isa = PBXResourcesBuildPhase;
			buildActionMask = 2147483647;
			files = (
			);
			runOnlyForDeploymentPostprocessing = 0;
		};
/* End PBXResourcesBuildPhase section */

/* Begin PBXSourcesBuildPhase section */
		CD5B87C62CE9059400118069 /* Sources */ = {
			isa = PBXSourcesBuildPhase;
			buildActionMask = 2147483647;
			files = (
				CDD960262CE94C75007369DD /* AuthView.swift in Sources */,
				CD5B880E2CE9145500118069 /* FilterView.swift in Sources */,
				CD5B88012CE9074200118069 /* Wallet.swift in Sources */,
				CD5B88092CE90E4400118069 /* ProfileView.swift in Sources */,
				CD5B87FF2CE906A700118069 /* VoteSuccesView.swift in Sources */,
				CD5B87D02CE9059400118069 /* ContentView.swift in Sources */,
				CD5B880B2CE9108F00118069 /* PredictionDetailView.swift in Sources */,
				CD5B88042CE9077700118069 /* WalletView.swift in Sources */,
				CDD960212CE94BDE007369DD /* PrivyService.swift in Sources */,
				CD5B87FD2CE9068600118069 /* PredictionCardView.swift in Sources */,
				CD5B88102CE9165A00118069 /* UserStats.swift in Sources */,
				CD5B88062CE9079E00118069 /* StakeView.swift in Sources */,
				CD5B87CE2CE9059400118069 /* PredictionMarketApp.swift in Sources */,
				CD5B87FB2CE905C900118069 /* Prediction.swift in Sources */,
			);
			runOnlyForDeploymentPostprocessing = 0;
		};
		CD5B87D72CE9059600118069 /* Sources */ = {
			isa = PBXSourcesBuildPhase;
			buildActionMask = 2147483647;
			files = (
				CD5B87E02CE9059600118069 /* PredictionMarketTests.swift in Sources */,
			);
			runOnlyForDeploymentPostprocessing = 0;
		};
		CD5B87E12CE9059600118069 /* Sources */ = {
			isa = PBXSourcesBuildPhase;
			buildActionMask = 2147483647;
			files = (
				CD5B87EA2CE9059600118069 /* PredictionMarketUITests.swift in Sources */,
				CD5B87EC2CE9059600118069 /* PredictionMarketUITestsLaunchTests.swift in Sources */,
			);
			runOnlyForDeploymentPostprocessing = 0;
		};
/* End PBXSourcesBuildPhase section */

/* Begin PBXTargetDependency section */
		CD5B87DD2CE9059600118069 /* PBXTargetDependency */ = {
			isa = PBXTargetDependency;
			target = CD5B87C92CE9059400118069 /* PredictionMarket */;
			targetProxy = CD5B87DC2CE9059600118069 /* PBXContainerItemProxy */;
		};
		CD5B87E72CE9059600118069 /* PBXTargetDependency */ = {
			isa = PBXTargetDependency;
			target = CD5B87C92CE9059400118069 /* PredictionMarket */;
			targetProxy = CD5B87E62CE9059600118069 /* PBXContainerItemProxy */;
		};
/* End PBXTargetDependency section */

/* Begin XCBuildConfiguration section */
		CD5B87ED2CE9059600118069 /* Debug */ = {
			isa = XCBuildConfiguration;
			buildSettings = {
				ALWAYS_SEARCH_USER_PATHS = NO;
				ASSETCATALOG_COMPILER_GENERATE_SWIFT_ASSET_SYMBOL_EXTENSIONS = YES;
				CLANG_ANALYZER_NONNULL = YES;
				CLANG_ANALYZER_NUMBER_OBJECT_CONVERSION = YES_AGGRESSIVE;
				CLANG_CXX_LANGUAGE_STANDARD = "gnu++20";
				CLANG_ENABLE_MODULES = YES;
				CLANG_ENABLE_OBJC_ARC = YES;
				CLANG_ENABLE_OBJC_WEAK = YES;
				CLANG_WARN_BLOCK_CAPTURE_AUTORELEASING = YES;
				CLANG_WARN_BOOL_CONVERSION = YES;
				CLANG_WARN_COMMA = YES;
				CLANG_WARN_CONSTANT_CONVERSION = YES;
				CLANG_WARN_DEPRECATED_OBJC_IMPLEMENTATIONS = YES;
				CLANG_WARN_DIRECT_OBJC_ISA_USAGE = YES_ERROR;
				CLANG_WARN_DOCUMENTATION_COMMENTS = YES;
				CLANG_WARN_EMPTY_BODY = YES;
				CLANG_WARN_ENUM_CONVERSION = YES;
				CLANG_WARN_INFINITE_RECURSION = YES;
				CLANG_WARN_INT_CONVERSION = YES;
				CLANG_WARN_NON_LITERAL_NULL_CONVERSION = YES;
				CLANG_WARN_OBJC_IMPLICIT_RETAIN_SELF = YES;
				CLANG_WARN_OBJC_LITERAL_CONVERSION = YES;
				CLANG_WARN_OBJC_ROOT_CLASS = YES_ERROR;
				CLANG_WARN_QUOTED_INCLUDE_IN_FRAMEWORK_HEADER = YES;
				CLANG_WARN_RANGE_LOOP_ANALYSIS = YES;
				CLANG_WARN_STRICT_PROTOTYPES = YES;
				CLANG_WARN_SUSPICIOUS_MOVE = YES;
				CLANG_WARN_UNGUARDED_AVAILABILITY = YES_AGGRESSIVE;
				CLANG_WARN_UNREACHABLE_CODE = YES;
				CLANG_WARN__DUPLICATE_METHOD_MATCH = YES;
				COPY_PHASE_STRIP = NO;
				DEBUG_INFORMATION_FORMAT = dwarf;
				ENABLE_STRICT_OBJC_MSGSEND = YES;
				ENABLE_TESTABILITY = YES;
				ENABLE_USER_SCRIPT_SANDBOXING = YES;
				GCC_C_LANGUAGE_STANDARD = gnu17;
				GCC_DYNAMIC_NO_PIC = NO;
				GCC_NO_COMMON_BLOCKS = YES;
				GCC_OPTIMIZATION_LEVEL = 0;
				GCC_PREPROCESSOR_DEFINITIONS = (
					"DEBUG=1",
					"$(inherited)",
				);
				GCC_WARN_64_TO_32_BIT_CONVERSION = YES;
				GCC_WARN_ABOUT_RETURN_TYPE = YES_ERROR;
				GCC_WARN_UNDECLARED_SELECTOR = YES;
				GCC_WARN_UNINITIALIZED_AUTOS = YES_AGGRESSIVE;
				GCC_WARN_UNUSED_FUNCTION = YES;
				GCC_WARN_UNUSED_VARIABLE = YES;
				LOCALIZATION_PREFERS_STRING_CATALOGS = YES;
				MTL_ENABLE_DEBUG_INFO = INCLUDE_SOURCE;
				MTL_FAST_MATH = YES;
				ONLY_ACTIVE_ARCH = YES;
				SWIFT_ACTIVE_COMPILATION_CONDITIONS = "DEBUG $(inherited)";
				SWIFT_OPTIMIZATION_LEVEL = "-Onone";
			};
			name = Debug;
		};
		CD5B87EE2CE9059600118069 /* Release */ = {
			isa = XCBuildConfiguration;
			buildSettings = {
				ALWAYS_SEARCH_USER_PATHS = NO;
				ASSETCATALOG_COMPILER_GENERATE_SWIFT_ASSET_SYMBOL_EXTENSIONS = YES;
				CLANG_ANALYZER_NONNULL = YES;
				CLANG_ANALYZER_NUMBER_OBJECT_CONVERSION = YES_AGGRESSIVE;
				CLANG_CXX_LANGUAGE_STANDARD = "gnu++20";
				CLANG_ENABLE_MODULES = YES;
				CLANG_ENABLE_OBJC_ARC = YES;
				CLANG_ENABLE_OBJC_WEAK = YES;
				CLANG_WARN_BLOCK_CAPTURE_AUTORELEASING = YES;
				CLANG_WARN_BOOL_CONVERSION = YES;
				CLANG_WARN_COMMA = YES;
				CLANG_WARN_CONSTANT_CONVERSION = YES;
				CLANG_WARN_DEPRECATED_OBJC_IMPLEMENTATIONS = YES;
				CLANG_WARN_DIRECT_OBJC_ISA_USAGE = YES_ERROR;
				CLANG_WARN_DOCUMENTATION_COMMENTS = YES;
				CLANG_WARN_EMPTY_BODY = YES;
				CLANG_WARN_ENUM_CONVERSION = YES;
				CLANG_WARN_INFINITE_RECURSION = YES;
				CLANG_WARN_INT_CONVERSION = YES;
				CLANG_WARN_NON_LITERAL_NULL_CONVERSION = YES;
				CLANG_WARN_OBJC_IMPLICIT_RETAIN_SELF = YES;
				CLANG_WARN_OBJC_LITERAL_CONVERSION = YES;
				CLANG_WARN_OBJC_ROOT_CLASS = YES_ERROR;
				CLANG_WARN_QUOTED_INCLUDE_IN_FRAMEWORK_HEADER = YES;
				CLANG_WARN_RANGE_LOOP_ANALYSIS = YES;
				CLANG_WARN_STRICT_PROTOTYPES = YES;
				CLANG_WARN_SUSPICIOUS_MOVE = YES;
				CLANG_WARN_UNGUARDED_AVAILABILITY = YES_AGGRESSIVE;
				CLANG_WARN_UNREACHABLE_CODE = YES;
				CLANG_WARN__DUPLICATE_METHOD_MATCH = YES;
				COPY_PHASE_STRIP = NO;
				DEBUG_INFORMATION_FORMAT = "dwarf-with-dsym";
				ENABLE_NS_ASSERTIONS = NO;
				ENABLE_STRICT_OBJC_MSGSEND = YES;
				ENABLE_USER_SCRIPT_SANDBOXING = YES;
				GCC_C_LANGUAGE_STANDARD = gnu17;
				GCC_NO_COMMON_BLOCKS = YES;
				GCC_WARN_64_TO_32_BIT_CONVERSION = YES;
				GCC_WARN_ABOUT_RETURN_TYPE = YES_ERROR;
				GCC_WARN_UNDECLARED_SELECTOR = YES;
				GCC_WARN_UNINITIALIZED_AUTOS = YES_AGGRESSIVE;
				GCC_WARN_UNUSED_FUNCTION = YES;
				GCC_WARN_UNUSED_VARIABLE = YES;
				LOCALIZATION_PREFERS_STRING_CATALOGS = YES;
				MTL_ENABLE_DEBUG_INFO = NO;
				MTL_FAST_MATH = YES;
				SWIFT_COMPILATION_MODE = wholemodule;
			};
			name = Release;
		};
		CD5B87F02CE9059600118069 /* Debug */ = {
			isa = XCBuildConfiguration;
			buildSettings = {
				ASSETCATALOG_COMPILER_APPICON_NAME = AppIcon;
				ASSETCATALOG_COMPILER_GLOBAL_ACCENT_COLOR_NAME = AccentColor;
				CODE_SIGN_ENTITLEMENTS = PredictionMarket/PredictionMarket.entitlements;
				CODE_SIGN_STYLE = Automatic;
				CURRENT_PROJECT_VERSION = 1;
				DEVELOPMENT_ASSET_PATHS = "\"PredictionMarket/Preview Content\"";
				DEVELOPMENT_TEAM = R8Q5SHVL5S;
				ENABLE_HARDENED_RUNTIME = YES;
				ENABLE_PREVIEWS = YES;
				GENERATE_INFOPLIST_FILE = YES;
				INFOPLIST_FILE = "";
				"INFOPLIST_KEY_UIApplicationSceneManifest_Generation[sdk=iphoneos*]" = YES;
				"INFOPLIST_KEY_UIApplicationSceneManifest_Generation[sdk=iphonesimulator*]" = YES;
				"INFOPLIST_KEY_UIApplicationSupportsIndirectInputEvents[sdk=iphoneos*]" = YES;
				"INFOPLIST_KEY_UIApplicationSupportsIndirectInputEvents[sdk=iphonesimulator*]" = YES;
				"INFOPLIST_KEY_UILaunchScreen_Generation[sdk=iphoneos*]" = YES;
				"INFOPLIST_KEY_UILaunchScreen_Generation[sdk=iphonesimulator*]" = YES;
				"INFOPLIST_KEY_UIStatusBarStyle[sdk=iphoneos*]" = UIStatusBarStyleDefault;
				"INFOPLIST_KEY_UIStatusBarStyle[sdk=iphonesimulator*]" = UIStatusBarStyleDefault;
				INFOPLIST_KEY_UISupportedInterfaceOrientations_iPad = "UIInterfaceOrientationPortrait UIInterfaceOrientationPortraitUpsideDown UIInterfaceOrientationLandscapeLeft UIInterfaceOrientationLandscapeRight";
				INFOPLIST_KEY_UISupportedInterfaceOrientations_iPhone = "UIInterfaceOrientationPortrait UIInterfaceOrientationLandscapeLeft UIInterfaceOrientationLandscapeRight";
				IPHONEOS_DEPLOYMENT_TARGET = 17.5;
				LD_RUNPATH_SEARCH_PATHS = "@executable_path/Frameworks";
				"LD_RUNPATH_SEARCH_PATHS[sdk=macosx*]" = "@executable_path/../Frameworks";
				MACOSX_DEPLOYMENT_TARGET = 14.5;
				MARKETING_VERSION = 1.0;
				PRODUCT_BUNDLE_IDENTIFIER = TinderUI.PredictionMarket;
				PRODUCT_NAME = "$(TARGET_NAME)";
				SDKROOT = auto;
				SUPPORTED_PLATFORMS = "iphoneos iphonesimulator macosx";
				SWIFT_EMIT_LOC_STRINGS = YES;
				SWIFT_VERSION = 5.0;
				TARGETED_DEVICE_FAMILY = "1,2";
			};
			name = Debug;
		};
		CD5B87F12CE9059600118069 /* Release */ = {
			isa = XCBuildConfiguration;
			buildSettings = {
				ASSETCATALOG_COMPILER_APPICON_NAME = AppIcon;
				ASSETCATALOG_COMPILER_GLOBAL_ACCENT_COLOR_NAME = AccentColor;
				CODE_SIGN_ENTITLEMENTS = PredictionMarket/PredictionMarket.entitlements;
				CODE_SIGN_STYLE = Automatic;
				CURRENT_PROJECT_VERSION = 1;
				DEVELOPMENT_ASSET_PATHS = "\"PredictionMarket/Preview Content\"";
				DEVELOPMENT_TEAM = R8Q5SHVL5S;
				ENABLE_HARDENED_RUNTIME = YES;
				ENABLE_PREVIEWS = YES;
				GENERATE_INFOPLIST_FILE = YES;
				INFOPLIST_FILE = "";
				"INFOPLIST_KEY_UIApplicationSceneManifest_Generation[sdk=iphoneos*]" = YES;
				"INFOPLIST_KEY_UIApplicationSceneManifest_Generation[sdk=iphonesimulator*]" = YES;
				"INFOPLIST_KEY_UIApplicationSupportsIndirectInputEvents[sdk=iphoneos*]" = YES;
				"INFOPLIST_KEY_UIApplicationSupportsIndirectInputEvents[sdk=iphonesimulator*]" = YES;
				"INFOPLIST_KEY_UILaunchScreen_Generation[sdk=iphoneos*]" = YES;
				"INFOPLIST_KEY_UILaunchScreen_Generation[sdk=iphonesimulator*]" = YES;
				"INFOPLIST_KEY_UIStatusBarStyle[sdk=iphoneos*]" = UIStatusBarStyleDefault;
				"INFOPLIST_KEY_UIStatusBarStyle[sdk=iphonesimulator*]" = UIStatusBarStyleDefault;
				INFOPLIST_KEY_UISupportedInterfaceOrientations_iPad = "UIInterfaceOrientationPortrait UIInterfaceOrientationPortraitUpsideDown UIInterfaceOrientationLandscapeLeft UIInterfaceOrientationLandscapeRight";
				INFOPLIST_KEY_UISupportedInterfaceOrientations_iPhone = "UIInterfaceOrientationPortrait UIInterfaceOrientationLandscapeLeft UIInterfaceOrientationLandscapeRight";
				IPHONEOS_DEPLOYMENT_TARGET = 17.5;
				LD_RUNPATH_SEARCH_PATHS = "@executable_path/Frameworks";
				"LD_RUNPATH_SEARCH_PATHS[sdk=macosx*]" = "@executable_path/../Frameworks";
				MACOSX_DEPLOYMENT_TARGET = 14.5;
				MARKETING_VERSION = 1.0;
				PRODUCT_BUNDLE_IDENTIFIER = TinderUI.PredictionMarket;
				PRODUCT_NAME = "$(TARGET_NAME)";
				SDKROOT = auto;
				SUPPORTED_PLATFORMS = "iphoneos iphonesimulator macosx";
				SWIFT_EMIT_LOC_STRINGS = YES;
				SWIFT_VERSION = 5.0;
				TARGETED_DEVICE_FAMILY = "1,2";
			};
			name = Release;
		};
		CD5B87F32CE9059600118069 /* Debug */ = {
			isa = XCBuildConfiguration;
			buildSettings = {
				ALWAYS_EMBED_SWIFT_STANDARD_LIBRARIES = YES;
				BUNDLE_LOADER = "$(TEST_HOST)";
				CODE_SIGN_STYLE = Automatic;
				CURRENT_PROJECT_VERSION = 1;
				DEVELOPMENT_TEAM = R8Q5SHVL5S;
				GENERATE_INFOPLIST_FILE = YES;
				IPHONEOS_DEPLOYMENT_TARGET = 17.5;
				MACOSX_DEPLOYMENT_TARGET = 14.5;
				MARKETING_VERSION = 1.0;
				PRODUCT_BUNDLE_IDENTIFIER = TinderUI.PredictionMarketTests;
				PRODUCT_NAME = "$(TARGET_NAME)";
				SDKROOT = auto;
				SUPPORTED_PLATFORMS = "iphoneos iphonesimulator macosx";
				SWIFT_EMIT_LOC_STRINGS = NO;
				SWIFT_VERSION = 5.0;
				TARGETED_DEVICE_FAMILY = "1,2";
				TEST_HOST = "$(BUILT_PRODUCTS_DIR)/PredictionMarket.app/$(BUNDLE_EXECUTABLE_FOLDER_PATH)/PredictionMarket";
			};
			name = Debug;
		};
		CD5B87F42CE9059600118069 /* Release */ = {
			isa = XCBuildConfiguration;
			buildSettings = {
				ALWAYS_EMBED_SWIFT_STANDARD_LIBRARIES = YES;
				BUNDLE_LOADER = "$(TEST_HOST)";
				CODE_SIGN_STYLE = Automatic;
				CURRENT_PROJECT_VERSION = 1;
				DEVELOPMENT_TEAM = R8Q5SHVL5S;
				GENERATE_INFOPLIST_FILE = YES;
				IPHONEOS_DEPLOYMENT_TARGET = 17.5;
				MACOSX_DEPLOYMENT_TARGET = 14.5;
				MARKETING_VERSION = 1.0;
				PRODUCT_BUNDLE_IDENTIFIER = TinderUI.PredictionMarketTests;
				PRODUCT_NAME = "$(TARGET_NAME)";
				SDKROOT = auto;
				SUPPORTED_PLATFORMS = "iphoneos iphonesimulator macosx";
				SWIFT_EMIT_LOC_STRINGS = NO;
				SWIFT_VERSION = 5.0;
				TARGETED_DEVICE_FAMILY = "1,2";
				TEST_HOST = "$(BUILT_PRODUCTS_DIR)/PredictionMarket.app/$(BUNDLE_EXECUTABLE_FOLDER_PATH)/PredictionMarket";
			};
			name = Release;
		};
		CD5B87F62CE9059600118069 /* Debug */ = {
			isa = XCBuildConfiguration;
			buildSettings = {
				ALWAYS_EMBED_SWIFT_STANDARD_LIBRARIES = YES;
				CODE_SIGN_STYLE = Automatic;
				CURRENT_PROJECT_VERSION = 1;
				DEVELOPMENT_TEAM = R8Q5SHVL5S;
				GENERATE_INFOPLIST_FILE = YES;
				IPHONEOS_DEPLOYMENT_TARGET = 17.5;
				MACOSX_DEPLOYMENT_TARGET = 14.5;
				MARKETING_VERSION = 1.0;
				PRODUCT_BUNDLE_IDENTIFIER = TinderUI.PredictionMarketUITests;
				PRODUCT_NAME = "$(TARGET_NAME)";
				SDKROOT = auto;
				SUPPORTED_PLATFORMS = "iphoneos iphonesimulator macosx";
				SWIFT_EMIT_LOC_STRINGS = NO;
				SWIFT_VERSION = 5.0;
				TARGETED_DEVICE_FAMILY = "1,2";
				TEST_TARGET_NAME = PredictionMarket;
			};
			name = Debug;
		};
		CD5B87F72CE9059600118069 /* Release */ = {
			isa = XCBuildConfiguration;
			buildSettings = {
				ALWAYS_EMBED_SWIFT_STANDARD_LIBRARIES = YES;
				CODE_SIGN_STYLE = Automatic;
				CURRENT_PROJECT_VERSION = 1;
				DEVELOPMENT_TEAM = R8Q5SHVL5S;
				GENERATE_INFOPLIST_FILE = YES;
				IPHONEOS_DEPLOYMENT_TARGET = 17.5;
				MACOSX_DEPLOYMENT_TARGET = 14.5;
				MARKETING_VERSION = 1.0;
				PRODUCT_BUNDLE_IDENTIFIER = TinderUI.PredictionMarketUITests;
				PRODUCT_NAME = "$(TARGET_NAME)";
				SDKROOT = auto;
				SUPPORTED_PLATFORMS = "iphoneos iphonesimulator macosx";
				SWIFT_EMIT_LOC_STRINGS = NO;
				SWIFT_VERSION = 5.0;
				TARGETED_DEVICE_FAMILY = "1,2";
				TEST_TARGET_NAME = PredictionMarket;
			};
			name = Release;
		};
/* End XCBuildConfiguration section */

/* Begin XCConfigurationList section */
		CD5B87C52CE9059400118069 /* Build configuration list for PBXProject "PredictionMarket" */ = {
			isa = XCConfigurationList;
			buildConfigurations = (
				CD5B87ED2CE9059600118069 /* Debug */,
				CD5B87EE2CE9059600118069 /* Release */,
			);
			defaultConfigurationIsVisible = 0;
			defaultConfigurationName = Release;
		};
		CD5B87EF2CE9059600118069 /* Build configuration list for PBXNativeTarget "PredictionMarket" */ = {
			isa = XCConfigurationList;
			buildConfigurations = (
				CD5B87F02CE9059600118069 /* Debug */,
				CD5B87F12CE9059600118069 /* Release */,
			);
			defaultConfigurationIsVisible = 0;
			defaultConfigurationName = Release;
		};
		CD5B87F22CE9059600118069 /* Build configuration list for PBXNativeTarget "PredictionMarketTests" */ = {
			isa = XCConfigurationList;
			buildConfigurations = (
				CD5B87F32CE9059600118069 /* Debug */,
				CD5B87F42CE9059600118069 /* Release */,
			);
			defaultConfigurationIsVisible = 0;
			defaultConfigurationName = Release;
		};
		CD5B87F52CE9059600118069 /* Build configuration list for PBXNativeTarget "PredictionMarketUITests" */ = {
			isa = XCConfigurationList;
			buildConfigurations = (
				CD5B87F62CE9059600118069 /* Debug */,
				CD5B87F72CE9059600118069 /* Release */,
			);
			defaultConfigurationIsVisible = 0;
			defaultConfigurationName = Release;
		};
/* End XCConfigurationList section */

/* Begin XCRemoteSwiftPackageReference section */
		0A8A23CC2CE9644600B72B60 /* XCRemoteSwiftPackageReference "WalletConnectSwift" */ = {
			isa = XCRemoteSwiftPackageReference;
			repositoryURL = "https://github.com/WalletConnect/WalletConnectSwift.git";
			requirement = {
				kind = upToNextMajorVersion;
				minimumVersion = 1.7.0;
			};
		};
/* End XCRemoteSwiftPackageReference section */

/* Begin XCSwiftPackageProductDependency section */
		0A8A23CD2CE9644600B72B60 /* WalletConnectSwift */ = {
			isa = XCSwiftPackageProductDependency;
			package = 0A8A23CC2CE9644600B72B60 /* XCRemoteSwiftPackageReference "WalletConnectSwift" */;
			productName = WalletConnectSwift;
		};
/* End XCSwiftPackageProductDependency section */
	};
	rootObject = CD5B87C22CE9059400118069 /* Project object */;
}
